
Microsoft Visual Studio Solution File, Format Version 12.00
# Visual Studio Version 16
VisualStudioVersion = 16.0.30204.135
MinimumVisualStudioVersion = 10.0.40219.1
Project("{FAE04EC0-301F-11D3-BF4B-00C04F79EFBC}") = "BlazorWeb", "BlazorWeb.csproj", "{A38D35A4-43F0-4794-8E7D-67FE2AD81D5F}"
EndProject
Global
	GlobalSection(SolutionConfigurationPlatforms) = preSolution
		Debug|Any CPU = Debug|Any CPU
		Release|Any CPU = Release|Any CPU
	EndGlobalSection
	GlobalSection(ProjectConfigurationPlatforms) = postSolution
		{A38D35A4-43F0-4794-8E7D-67FE2AD81D5F}.Debug|Any CPU.ActiveCfg = Debug|Any CPU
		{A38D35A4-43F0-4794-8E7D-67FE2AD81D5F}.Debug|Any CPU.Build.0 = Debug|Any CPU
		{A38D35A4-43F0-4794-8E7D-67FE2AD81D5F}.Release|Any CPU.ActiveCfg = Release|Any CPU
		{A38D35A4-43F0-4794-8E7D-67FE2AD81D5F}.Release|Any CPU.Build.0 = Release|Any CPU
	EndGlobalSection
	GlobalSection(SolutionProperties) = preSolution
		HideSolutionNode = FALSE
	EndGlobalSection
	GlobalSection(ExtensibilityGlobals) = postSolution
		SolutionGuid = {4799F8B3-FE5B-4CF3-ACED-88FA110677DB}
	EndGlobalSection
EndGlobal
